
Microsoft Visual Studio Solution File, Format Version 12.00
# Visual Studio Version 17
VisualStudioVersion = 17.14.36301.6 d17.14
MinimumVisualStudioVersion = 10.0.40219.1
Project("{FAE04EC0-301F-11D3-BF4B-00C04F79EFBC}") = "lesson7", "lesson7\lesson7.csproj", "{555BD38B-DDBB-4182-A83B-DA87BC35C99C}"
EndProject
Global
	GlobalSection(SolutionConfigurationPlatforms) = preSolution
		Debug|Any CPU = Debug|Any CPU
		Release|Any CPU = Release|Any CPU
	EndGlobalSection
	GlobalSection(ProjectConfigurationPlatforms) = postSolution
		{555BD38B-DDBB-4182-A83B-DA87BC35C99C}.Debug|Any CPU.ActiveCfg = Debug|Any CPU
		{555BD38B-DDBB-4182-A83B-DA87BC35C99C}.Debug|Any CPU.Build.0 = Debug|Any CPU
		{555BD38B-DDBB-4182-A83B-DA87BC35C99C}.Release|Any CPU.ActiveCfg = Release|Any CPU
		{555BD38B-DDBB-4182-A83B-DA87BC35C99C}.Release|Any CPU.Build.0 = Release|Any CPU
	EndGlobalSection
	GlobalSection(SolutionProperties) = preSolution
		HideSolutionNode = FALSE
	EndGlobalSection
	GlobalSection(ExtensibilityGlobals) = postSolution
		SolutionGuid = {E0B6A17A-0999-4B7E-8A53-442EAE2D31E5}
	EndGlobalSection
EndGlobal
